Microsoft Visual Studio Solution File, Format Version 11.00
# Visual Studio 2008

Project("{F9513390-6D1E-BA86-B61F-C05BE6AECD9C}") = "manet", "Assembly-CSharp.csproj", "{8F2E2A2F-122D-630E-78CE-CE00A4932D7B}"
EndProject
Global
	GlobalSection(SolutionConfigurationPlatforms) = preSolution
		Debug|Any CPU = Debug|Any CPU
		Release|Any CPU = Release|Any CPU
	EndGlobalSection
	GlobalSection(ProjectConfigurationPlatforms) = postSolution
		{8F2E2A2F-122D-630E-78CE-CE00A4932D7B}.Debug|Any CPU.ActiveCfg = Debug|Any CPU
		{8F2E2A2F-122D-630E-78CE-CE00A4932D7B}.Debug|Any CPU.Build.0 = Debug|Any CPU
		{8F2E2A2F-122D-630E-78CE-CE00A4932D7B}.Release|Any CPU.ActiveCfg = Release|Any CPU
		{8F2E2A2F-122D-630E-78CE-CE00A4932D7B}.Release|Any CPU.Build.0 = Release|Any CPU
	EndGlobalSection
	GlobalSection(SolutionProperties) = preSolution
		HideSolutionNode = FALSE
	EndGlobalSection
	GlobalSection(MonoDevelopProperties) = preSolution
		StartupItem = Assembly-CSharp.csproj
	EndGlobalSection
EndGlobal
